
Microsoft Visual Studio Solution File, Format Version 12.00
# Visual Studio Version 17
VisualStudioVersion = 17.7.34024.191
MinimumVisualStudioVersion = 10.0.40219.1
Project("{FAE04EC0-301F-11D3-BF4B-00C04F79EFBC}") = "лабораторная работа 3", "лабораторная работа 3\лабораторная работа 3.csproj", "{20916A5B-48C5-45C4-AA5A-B290F4926603}"
EndProject
Global
	GlobalSection(SolutionConfigurationPlatforms) = preSolution
		Debug|Any CPU = Debug|Any CPU
		Release|Any CPU = Release|Any CPU
	EndGlobalSection
	GlobalSection(ProjectConfigurationPlatforms) = postSolution
		{20916A5B-48C5-45C4-AA5A-B290F4926603}.Debug|Any CPU.ActiveCfg = Debug|Any CPU
		{20916A5B-48C5-45C4-AA5A-B290F4926603}.Debug|Any CPU.Build.0 = Debug|Any CPU
		{20916A5B-48C5-45C4-AA5A-B290F4926603}.Release|Any CPU.ActiveCfg = Release|Any CPU
		{20916A5B-48C5-45C4-AA5A-B290F4926603}.Release|Any CPU.Build.0 = Release|Any CPU
	EndGlobalSection
	GlobalSection(SolutionProperties) = preSolution
		HideSolutionNode = FALSE
	EndGlobalSection
	GlobalSection(ExtensibilityGlobals) = postSolution
		SolutionGuid = {86D791FF-6B47-48EB-828D-C29EF2A0BC1F}
	EndGlobalSection
EndGlobal
